
Microsoft Visual Studio Solution File, Format Version 12.00
# Visual Studio Version 16
VisualStudioVersion = 16.0.34031.81
MinimumVisualStudioVersion = 10.0.40219.1
Project("{FAE04EC0-301F-11D3-BF4B-00C04F79EFBC}") = "RSA", "RSA\RSA.csproj", "{26AB4239-A86B-4B41-A201-21C9111E2C63}"
EndProject
Global
	GlobalSection(SolutionConfigurationPlatforms) = preSolution
		Debug|Any CPU = Debug|Any CPU
		Release|Any CPU = Release|Any CPU
	EndGlobalSection
	GlobalSection(ProjectConfigurationPlatforms) = postSolution
		{26AB4239-A86B-4B41-A201-21C9111E2C63}.Debug|Any CPU.ActiveCfg = Debug|Any CPU
		{26AB4239-A86B-4B41-A201-21C9111E2C63}.Debug|Any CPU.Build.0 = Debug|Any CPU
		{26AB4239-A86B-4B41-A201-21C9111E2C63}.Release|Any CPU.ActiveCfg = Release|Any CPU
		{26AB4239-A86B-4B41-A201-21C9111E2C63}.Release|Any CPU.Build.0 = Release|Any CPU
	EndGlobalSection
	GlobalSection(SolutionProperties) = preSolution
		HideSolutionNode = FALSE
	EndGlobalSection
	GlobalSection(ExtensibilityGlobals) = postSolution
		SolutionGuid = {0E9F9571-0F6C-4128-8920-972B5A9A3D4B}
	EndGlobalSection
EndGlobal
